{
  "name": "m6_thermal_power_plant",
  "version": "1.0.0",
  "lockfileVersion": 3,
  "requires": true,
  "packages": {
    "": {
      "name": "m6_thermal_power_plant",
      "version": "1.0.0",
      "license": "ISC",
      "dependencies": {
        "stomp": "^0.1.1"
      }
    },
    "node_modules/stomp": {
      "version": "0.1.1",
      "resolved": "https://registry.npmjs.org/stomp/-/stomp-0.1.1.tgz",
      "integrity": "sha512-W2uuVOzN7tvxjdFg9RYDXLSKaZ3k+8LaYICBjnlQOMwLnEGrkLwOnncZrMd2RXNaVCCfbqpKS53p8x/2cvFSag=="
    }
  }
}
